
Microsoft Visual Studio Solution File, Format Version 12.00
# Visual Studio Version 17
VisualStudioVersion = 17.3.32929.385
MinimumVisualStudioVersion = 10.0.40219.1
Project("{9A19103F-16F7-4668-BE54-9A1E7A4F7556}") = "DevicesMonitor", "DevicesMonitor\DevicesMonitor.csproj", "{F7EF7B45-3DEF-4632-A399-E3C5A17E7AB5}"
EndProject
Global
	GlobalSection(SolutionConfigurationPlatforms) = preSolution
		Debug|Any CPU = Debug|Any CPU
		Release|Any CPU = Release|Any CPU
	EndGlobalSection
	GlobalSection(ProjectConfigurationPlatforms) = postSolution
		{F7EF7B45-3DEF-4632-A399-E3C5A17E7AB5}.Debug|Any CPU.ActiveCfg = Debug|Any CPU
		{F7EF7B45-3DEF-4632-A399-E3C5A17E7AB5}.Debug|Any CPU.Build.0 = Debug|Any CPU
		{F7EF7B45-3DEF-4632-A399-E3C5A17E7AB5}.Release|Any CPU.ActiveCfg = Release|Any CPU
		{F7EF7B45-3DEF-4632-A399-E3C5A17E7AB5}.Release|Any CPU.Build.0 = Release|Any CPU
	EndGlobalSection
	GlobalSection(SolutionProperties) = preSolution
		HideSolutionNode = FALSE
	EndGlobalSection
	GlobalSection(ExtensibilityGlobals) = postSolution
		SolutionGuid = {4394B27C-EAF3-4335-87AB-50469D7E12C1}
	EndGlobalSection
EndGlobal
